
Microsoft Visual Studio Solution File, Format Version 12.00
# Visual Studio Version 17
VisualStudioVersion = 17.7.34031.279
MinimumVisualStudioVersion = 10.0.40219.1
Project("{9A19103F-16F7-4668-BE54-9A1E7A4F7556}") = "BaGetter", "src\BaGetter\BaGetter.csproj", "{284366CB-C68F-473E-908A-50A382616AE0}"
EndProject
Project("{9A19103F-16F7-4668-BE54-9A1E7A4F7556}") = "BaGetter.Core.Tests", "tests\BaGetter.Core.Tests\BaGetter.Core.Tests.csproj", "{89AB1AE2-6CAA-4809-8B74-D78CBE00B049}"
EndProject
Project("{9A19103F-16F7-4668-BE54-9A1E7A4F7556}") = "BaGetter.Tests", "tests\BaGetter.Tests\BaGetter.Tests.csproj", "{892A7A82-4283-4315-B7E5-6D5B70543000}"
EndProject
Project("{2150E333-8FDC-42A3-9474-1A3956D46DE8}") = "src", "src", "{26A0B557-53FB-4B9A-94C4-BCCF1BDCB0CC}"
EndProject
Project("{2150E333-8FDC-42A3-9474-1A3956D46DE8}") = "tests", "tests", "{C237857D-AD8E-4C52-974F-6A8155BB0C18}"
EndProject
Project("{9A19103F-16F7-4668-BE54-9A1E7A4F7556}") = "BaGetter.Protocol.Tests", "tests\BaGetter.Protocol.Tests\BaGetter.Protocol.Tests.csproj", "{AC764A9A-9EAF-422B-9223-D3290C3CFD79}"
EndProject
Project("{2150E333-8FDC-42A3-9474-1A3956D46DE8}") = "Solution Items", "Solution Items", "{0B44364D-952B-497A-82E0-C9AAE94E0369}"
	ProjectSection(SolutionItems) = preProject
		.editorconfig = .editorconfig
		src\Directory.Build.props = src\Directory.Build.props
		src\Directory.Build.targets = src\Directory.Build.targets
		Directory.Packages.props = Directory.Packages.props
		Dockerfile = Dockerfile
		nuget.config = nuget.config
	EndProjectSection
EndProject
Project("{2150E333-8FDC-42A3-9474-1A3956D46DE8}") = "samples", "samples", "{DDEC0736-8169-4834-815E-B78E7CE612A4}"
EndProject
Project("{9A19103F-16F7-4668-BE54-9A1E7A4F7556}") = "BaGetter.Protocol.Samples.Tests", "samples\BaGetter.Protocol.Samples.Tests\BaGetter.Protocol.Samples.Tests.csproj", "{16B0D424-BB2F-4C0C-90B0-4F7955326ADF}"
EndProject
Project("{9A19103F-16F7-4668-BE54-9A1E7A4F7556}") = "BaGetterWebApplication", "samples\BaGetterWebApplication\BaGetterWebApplication.csproj", "{E5AFE55D-0932-46A9-BFA3-C8A034037377}"
EndProject
Project("{9A19103F-16F7-4668-BE54-9A1E7A4F7556}") = "BaGetter.Web.Tests", "tests\BaGetter.Web.Tests\BaGetter.Web.Tests.csproj", "{BEEAAA73-36CD-4178-9C9F-6D036586E7BF}"
EndProject
Project("{2150E333-8FDC-42A3-9474-1A3956D46DE8}") = "ObjectStorages", "ObjectStorages", "{52E0B02A-5CE7-4A7E-BEBC-F6C81D43C7E1}"
EndProject
Project("{2150E333-8FDC-42A3-9474-1A3956D46DE8}") = "Infrastructure", "Infrastructure", "{89FF531E-2862-4433-8E6E-DC3401867B6B}"
EndProject
Project("{2150E333-8FDC-42A3-9474-1A3956D46DE8}") = "Databases", "Databases", "{EE794B9D-E257-42B0-9AD2-050FD9FAF36C}"
EndProject
Project("{9A19103F-16F7-4668-BE54-9A1E7A4F7556}") = "BaGetter.Database.SqlServer", "src\Databases\BaGetter.Database.SqlServer\BaGetter.Database.SqlServer.csproj", "{647290D7-E3CC-4563-AC05-AB7CF4796236}"
EndProject
Project("{9A19103F-16F7-4668-BE54-9A1E7A4F7556}") = "BaGetter.Database.Sqlite", "src\Databases\BaGetter.Database.Sqlite\BaGetter.Database.Sqlite.csproj", "{DF305678-1925-44E8-8A5C-8BC409EBBE87}"
EndProject
Project("{9A19103F-16F7-4668-BE54-9A1E7A4F7556}") = "BaGetter.Database.PostgreSql", "src\Databases\BaGetter.Database.PostgreSql\BaGetter.Database.PostgreSql.csproj", "{3A094E43-E9EC-40BC-ACDC-AD8276761A1B}"
EndProject
Project("{9A19103F-16F7-4668-BE54-9A1E7A4F7556}") = "BaGetter.Database.MySql", "src\Databases\BaGetter.Database.MySql\BaGetter.Database.MySql.csproj", "{7C25B107-515C-4FE9-A564-6DB4EBCF2F47}"
EndProject
Project("{9A19103F-16F7-4668-BE54-9A1E7A4F7556}") = "BaGetter.Aliyun", "src\ObjectStorages\BaGetter.Aliyun\BaGetter.Aliyun.csproj", "{4DF3BF92-F245-4A81-A84B-387B23139925}"
EndProject
Project("{9A19103F-16F7-4668-BE54-9A1E7A4F7556}") = "BaGetter.Aws", "src\ObjectStorages\BaGetter.Aws\BaGetter.Aws.csproj", "{C361AADB-7071-4327-A102-65F275C971C7}"
EndProject
Project("{9A19103F-16F7-4668-BE54-9A1E7A4F7556}") = "BaGetter.Azure", "src\ObjectStorages\BaGetter.Azure\BaGetter.Azure.csproj", "{FC55C936-EA4B-4FA9-8D74-E8330D8DB4E8}"
EndProject
Project("{9A19103F-16F7-4668-BE54-9A1E7A4F7556}") = "BaGetter.Tencent", "src\ObjectStorages\BaGetter.Tencent\BaGetter.Tencent.csproj", "{248AD79A-2FC2-4F49-8E22-62BA3F869293}"
EndProject
Project("{9A19103F-16F7-4668-BE54-9A1E7A4F7556}") = "BaGetter.Gcp", "src\ObjectStorages\BaGetter.Gcp\BaGetter.Gcp.csproj", "{97A1BCFF-AB27-4260-932D-1AE6A3291D83}"
EndProject
Project("{9A19103F-16F7-4668-BE54-9A1E7A4F7556}") = "BaGetter.Core", "src\Infrastructure\BaGetter.Core\BaGetter.Core.csproj", "{BB49D12C-BD02-4667-A760-FF96A4D38794}"
EndProject
Project("{9A19103F-16F7-4668-BE54-9A1E7A4F7556}") = "BaGetter.Protocol", "src\Infrastructure\BaGetter.Protocol\BaGetter.Protocol.csproj", "{C51EFE1C-5E45-4164-9AFD-605A0EAB8149}"
EndProject
Project("{9A19103F-16F7-4668-BE54-9A1E7A4F7556}") = "BaGetter.Web", "src\Infrastructure\BaGetter.Web\BaGetter.Web.csproj", "{8A542A7C-1533-4A0A-BB28-884DA27BF286}"
EndProject
Global
	GlobalSection(SolutionConfigurationPlatforms) = preSolution
		Debug|Any CPU = Debug|Any CPU
		Release|Any CPU = Release|Any CPU
	EndGlobalSection
	GlobalSection(ProjectConfigurationPlatforms) = postSolution
		{284366CB-C68F-473E-908A-50A382616AE0}.Debug|Any CPU.ActiveCfg = Debug|Any CPU
		{284366CB-C68F-473E-908A-50A382616AE0}.Debug|Any CPU.Build.0 = Debug|Any CPU
		{284366CB-C68F-473E-908A-50A382616AE0}.Release|Any CPU.ActiveCfg = Release|Any CPU
		{284366CB-C68F-473E-908A-50A382616AE0}.Release|Any CPU.Build.0 = Release|Any CPU
		{89AB1AE2-6CAA-4809-8B74-D78CBE00B049}.Debug|Any CPU.ActiveCfg = Debug|Any CPU
		{89AB1AE2-6CAA-4809-8B74-D78CBE00B049}.Debug|Any CPU.Build.0 = Debug|Any CPU
		{89AB1AE2-6CAA-4809-8B74-D78CBE00B049}.Release|Any CPU.ActiveCfg = Release|Any CPU
		{89AB1AE2-6CAA-4809-8B74-D78CBE00B049}.Release|Any CPU.Build.0 = Release|Any CPU
		{892A7A82-4283-4315-B7E5-6D5B70543000}.Debug|Any CPU.ActiveCfg = Debug|Any CPU
		{892A7A82-4283-4315-B7E5-6D5B70543000}.Debug|Any CPU.Build.0 = Debug|Any CPU
		{892A7A82-4283-4315-B7E5-6D5B70543000}.Release|Any CPU.ActiveCfg = Release|Any CPU
		{892A7A82-4283-4315-B7E5-6D5B70543000}.Release|Any CPU.Build.0 = Release|Any CPU
		{AC764A9A-9EAF-422B-9223-D3290C3CFD79}.Debug|Any CPU.ActiveCfg = Debug|Any CPU
		{AC764A9A-9EAF-422B-9223-D3290C3CFD79}.Debug|Any CPU.Build.0 = Debug|Any CPU
		{AC764A9A-9EAF-422B-9223-D3290C3CFD79}.Release|Any CPU.ActiveCfg = Release|Any CPU
		{AC764A9A-9EAF-422B-9223-D3290C3CFD79}.Release|Any CPU.Build.0 = Release|Any CPU
		{16B0D424-BB2F-4C0C-90B0-4F7955326ADF}.Debug|Any CPU.ActiveCfg = Debug|Any CPU
		{16B0D424-BB2F-4C0C-90B0-4F7955326ADF}.Debug|Any CPU.Build.0 = Debug|Any CPU
		{16B0D424-BB2F-4C0C-90B0-4F7955326ADF}.Release|Any CPU.ActiveCfg = Release|Any CPU
		{16B0D424-BB2F-4C0C-90B0-4F7955326ADF}.Release|Any CPU.Build.0 = Release|Any CPU
		{E5AFE55D-0932-46A9-BFA3-C8A034037377}.Debug|Any CPU.ActiveCfg = Debug|Any CPU
		{E5AFE55D-0932-46A9-BFA3-C8A034037377}.Debug|Any CPU.Build.0 = Debug|Any CPU
		{E5AFE55D-0932-46A9-BFA3-C8A034037377}.Release|Any CPU.ActiveCfg = Release|Any CPU
		{E5AFE55D-0932-46A9-BFA3-C8A034037377}.Release|Any CPU.Build.0 = Release|Any CPU
		{BEEAAA73-36CD-4178-9C9F-6D036586E7BF}.Debug|Any CPU.ActiveCfg = Debug|Any CPU
		{BEEAAA73-36CD-4178-9C9F-6D036586E7BF}.Debug|Any CPU.Build.0 = Debug|Any CPU
		{BEEAAA73-36CD-4178-9C9F-6D036586E7BF}.Release|Any CPU.ActiveCfg = Release|Any CPU
		{BEEAAA73-36CD-4178-9C9F-6D036586E7BF}.Release|Any CPU.Build.0 = Release|Any CPU
		{647290D7-E3CC-4563-AC05-AB7CF4796236}.Debug|Any CPU.ActiveCfg = Debug|Any CPU
		{647290D7-E3CC-4563-AC05-AB7CF4796236}.Debug|Any CPU.Build.0 = Debug|Any CPU
		{647290D7-E3CC-4563-AC05-AB7CF4796236}.Release|Any CPU.ActiveCfg = Release|Any CPU
		{647290D7-E3CC-4563-AC05-AB7CF4796236}.Release|Any CPU.Build.0 = Release|Any CPU
		{DF305678-1925-44E8-8A5C-8BC409EBBE87}.Debug|Any CPU.ActiveCfg = Debug|Any CPU
		{DF305678-1925-44E8-8A5C-8BC409EBBE87}.Debug|Any CPU.Build.0 = Debug|Any CPU
		{DF305678-1925-44E8-8A5C-8BC409EBBE87}.Release|Any CPU.ActiveCfg = Release|Any CPU
		{DF305678-1925-44E8-8A5C-8BC409EBBE87}.Release|Any CPU.Build.0 = Release|Any CPU
		{3A094E43-E9EC-40BC-ACDC-AD8276761A1B}.Debug|Any CPU.ActiveCfg = Debug|Any CPU
		{3A094E43-E9EC-40BC-ACDC-AD8276761A1B}.Debug|Any CPU.Build.0 = Debug|Any CPU
		{3A094E43-E9EC-40BC-ACDC-AD8276761A1B}.Release|Any CPU.ActiveCfg = Release|Any CPU
		{3A094E43-E9EC-40BC-ACDC-AD8276761A1B}.Release|Any CPU.Build.0 = Release|Any CPU
		{7C25B107-515C-4FE9-A564-6DB4EBCF2F47}.Debug|Any CPU.ActiveCfg = Debug|Any CPU
		{7C25B107-515C-4FE9-A564-6DB4EBCF2F47}.Debug|Any CPU.Build.0 = Debug|Any CPU
		{7C25B107-515C-4FE9-A564-6DB4EBCF2F47}.Release|Any CPU.ActiveCfg = Release|Any CPU
		{7C25B107-515C-4FE9-A564-6DB4EBCF2F47}.Release|Any CPU.Build.0 = Release|Any CPU
		{4DF3BF92-F245-4A81-A84B-387B23139925}.Debug|Any CPU.ActiveCfg = Debug|Any CPU
		{4DF3BF92-F245-4A81-A84B-387B23139925}.Debug|Any CPU.Build.0 = Debug|Any CPU
		{4DF3BF92-F245-4A81-A84B-387B23139925}.Release|Any CPU.ActiveCfg = Release|Any CPU
		{4DF3BF92-F245-4A81-A84B-387B23139925}.Release|Any CPU.Build.0 = Release|Any CPU
		{C361AADB-7071-4327-A102-65F275C971C7}.Debug|Any CPU.ActiveCfg = Debug|Any CPU
		{C361AADB-7071-4327-A102-65F275C971C7}.Debug|Any CPU.Build.0 = Debug|Any CPU
		{C361AADB-7071-4327-A102-65F275C971C7}.Release|Any CPU.ActiveCfg = Release|Any CPU
		{C361AADB-7071-4327-A102-65F275C971C7}.Release|Any CPU.Build.0 = Release|Any CPU
		{FC55C936-EA4B-4FA9-8D74-E8330D8DB4E8}.Debug|Any CPU.ActiveCfg = Debug|Any CPU
		{FC55C936-EA4B-4FA9-8D74-E8330D8DB4E8}.Debug|Any CPU.Build.0 = Debug|Any CPU
		{FC55C936-EA4B-4FA9-8D74-E8330D8DB4E8}.Release|Any CPU.ActiveCfg = Release|Any CPU
		{FC55C936-EA4B-4FA9-8D74-E8330D8DB4E8}.Release|Any CPU.Build.0 = Release|Any CPU
		{248AD79A-2FC2-4F49-8E22-62BA3F869293}.Debug|Any CPU.ActiveCfg = Debug|Any CPU
		{248AD79A-2FC2-4F49-8E22-62BA3F869293}.Debug|Any CPU.Build.0 = Debug|Any CPU
		{248AD79A-2FC2-4F49-8E22-62BA3F869293}.Release|Any CPU.ActiveCfg = Release|Any CPU
		{248AD79A-2FC2-4F49-8E22-62BA3F869293}.Release|Any CPU.Build.0 = Release|Any CPU
		{97A1BCFF-AB27-4260-932D-1AE6A3291D83}.Debug|Any CPU.ActiveCfg = Debug|Any CPU
		{97A1BCFF-AB27-4260-932D-1AE6A3291D83}.Debug|Any CPU.Build.0 = Debug|Any CPU
		{97A1BCFF-AB27-4260-932D-1AE6A3291D83}.Release|Any CPU.ActiveCfg = Release|Any CPU
		{97A1BCFF-AB27-4260-932D-1AE6A3291D83}.Release|Any CPU.Build.0 = Release|Any CPU
		{BB49D12C-BD02-4667-A760-FF96A4D38794}.Debug|Any CPU.ActiveCfg = Debug|Any CPU
		{BB49D12C-BD02-4667-A760-FF96A4D38794}.Debug|Any CPU.Build.0 = Debug|Any CPU
		{BB49D12C-BD02-4667-A760-FF96A4D38794}.Release|Any CPU.ActiveCfg = Release|Any CPU
		{BB49D12C-BD02-4667-A760-FF96A4D38794}.Release|Any CPU.Build.0 = Release|Any CPU
		{C51EFE1C-5E45-4164-9AFD-605A0EAB8149}.Debug|Any CPU.ActiveCfg = Debug|Any CPU
		{C51EFE1C-5E45-4164-9AFD-605A0EAB8149}.Debug|Any CPU.Build.0 = Debug|Any CPU
		{C51EFE1C-5E45-4164-9AFD-605A0EAB8149}.Release|Any CPU.ActiveCfg = Release|Any CPU
		{C51EFE1C-5E45-4164-9AFD-605A0EAB8149}.Release|Any CPU.Build.0 = Release|Any CPU
		{8A542A7C-1533-4A0A-BB28-884DA27BF286}.Debug|Any CPU.ActiveCfg = Debug|Any CPU
		{8A542A7C-1533-4A0A-BB28-884DA27BF286}.Debug|Any CPU.Build.0 = Debug|Any CPU
		{8A542A7C-1533-4A0A-BB28-884DA27BF286}.Release|Any CPU.ActiveCfg = Release|Any CPU
		{8A542A7C-1533-4A0A-BB28-884DA27BF286}.Release|Any CPU.Build.0 = Release|Any CPU
	EndGlobalSection
	GlobalSection(SolutionProperties) = preSolution
		HideSolutionNode = FALSE
	EndGlobalSection
	GlobalSection(NestedProjects) = preSolution
		{284366CB-C68F-473E-908A-50A382616AE0} = {26A0B557-53FB-4B9A-94C4-BCCF1BDCB0CC}
		{89AB1AE2-6CAA-4809-8B74-D78CBE00B049} = {C237857D-AD8E-4C52-974F-6A8155BB0C18}
		{892A7A82-4283-4315-B7E5-6D5B70543000} = {C237857D-AD8E-4C52-974F-6A8155BB0C18}
		{AC764A9A-9EAF-422B-9223-D3290C3CFD79} = {C237857D-AD8E-4C52-974F-6A8155BB0C18}
		{16B0D424-BB2F-4C0C-90B0-4F7955326ADF} = {DDEC0736-8169-4834-815E-B78E7CE612A4}
		{E5AFE55D-0932-46A9-BFA3-C8A034037377} = {DDEC0736-8169-4834-815E-B78E7CE612A4}
		{BEEAAA73-36CD-4178-9C9F-6D036586E7BF} = {C237857D-AD8E-4C52-974F-6A8155BB0C18}
		{52E0B02A-5CE7-4A7E-BEBC-F6C81D43C7E1} = {26A0B557-53FB-4B9A-94C4-BCCF1BDCB0CC}
		{89FF531E-2862-4433-8E6E-DC3401867B6B} = {26A0B557-53FB-4B9A-94C4-BCCF1BDCB0CC}
		{EE794B9D-E257-42B0-9AD2-050FD9FAF36C} = {26A0B557-53FB-4B9A-94C4-BCCF1BDCB0CC}
		{647290D7-E3CC-4563-AC05-AB7CF4796236} = {EE794B9D-E257-42B0-9AD2-050FD9FAF36C}
		{DF305678-1925-44E8-8A5C-8BC409EBBE87} = {EE794B9D-E257-42B0-9AD2-050FD9FAF36C}
		{3A094E43-E9EC-40BC-ACDC-AD8276761A1B} = {EE794B9D-E257-42B0-9AD2-050FD9FAF36C}
		{7C25B107-515C-4FE9-A564-6DB4EBCF2F47} = {EE794B9D-E257-42B0-9AD2-050FD9FAF36C}
		{4DF3BF92-F245-4A81-A84B-387B23139925} = {52E0B02A-5CE7-4A7E-BEBC-F6C81D43C7E1}
		{C361AADB-7071-4327-A102-65F275C971C7} = {52E0B02A-5CE7-4A7E-BEBC-F6C81D43C7E1}
		{FC55C936-EA4B-4FA9-8D74-E8330D8DB4E8} = {52E0B02A-5CE7-4A7E-BEBC-F6C81D43C7E1}
		{248AD79A-2FC2-4F49-8E22-62BA3F869293} = {52E0B02A-5CE7-4A7E-BEBC-F6C81D43C7E1}
		{97A1BCFF-AB27-4260-932D-1AE6A3291D83} = {52E0B02A-5CE7-4A7E-BEBC-F6C81D43C7E1}
		{BB49D12C-BD02-4667-A760-FF96A4D38794} = {89FF531E-2862-4433-8E6E-DC3401867B6B}
		{C51EFE1C-5E45-4164-9AFD-605A0EAB8149} = {89FF531E-2862-4433-8E6E-DC3401867B6B}
		{8A542A7C-1533-4A0A-BB28-884DA27BF286} = {89FF531E-2862-4433-8E6E-DC3401867B6B}
	EndGlobalSection
	GlobalSection(ExtensibilityGlobals) = postSolution
		SolutionGuid = {1423C027-2C90-417F-8629-2A4CF107C055}
	EndGlobalSection
EndGlobal
